
Microsoft Visual Studio Solution File, Format Version 12.00
Project("{FAE04EC0-301F-11D3-BF4B-00C04F79EFBC}") = "CustomLights", "CustomLights\CustomLights.csproj", "{72A9B492-C5F1-4867-8751-7E4EB91DE9CD}"
EndProject
Global
	GlobalSection(SolutionConfigurationPlatforms) = preSolution
		Debug|Any CPU = Debug|Any CPU
		Release|Any CPU = Release|Any CPU
	EndGlobalSection
	GlobalSection(ProjectConfigurationPlatforms) = postSolution
		{72A9B492-C5F1-4867-8751-7E4EB91DE9CD}.Debug|Any CPU.ActiveCfg = Debug|Any CPU
		{72A9B492-C5F1-4867-8751-7E4EB91DE9CD}.Debug|Any CPU.Build.0 = Debug|Any CPU
		{72A9B492-C5F1-4867-8751-7E4EB91DE9CD}.Release|Any CPU.ActiveCfg = Release|Any CPU
		{72A9B492-C5F1-4867-8751-7E4EB91DE9CD}.Release|Any CPU.Build.0 = Release|Any CPU
	EndGlobalSection
EndGlobal
